// !$*UTF8*$!
{
	archiveVersion = 1;
	classes = {
	};
	objectVersion = 55;
	objects = {

/* Begin PBXBuildFile section */
		1138F8B829A7AE62001C29FC /* GRerApp.swift in Sources */ = {isa = PBXBuildFile; fileRef = 1138F8B729A7AE62001C29FC /* GRerApp.swift */; };
		1138F8BA29A7AE62001C29FC /* ContentView.swift in Sources */ = {isa = PBXBuildFile; fileRef = 1138F8B929A7AE62001C29FC /* ContentView.swift */; };
		1138F8BC29A7AE68001C29FC /* Assets.xcassets in Resources */ = {isa = PBXBuildFile; fileRef = 1138F8BB29A7AE68001C29FC /* Assets.xcassets */; };
		1138F8BF29A7AE68001C29FC /* Preview Assets.xcassets in Resources */ = {isa = PBXBuildFile; fileRef = 1138F8BE29A7AE68001C29FC /* Preview Assets.xcassets */; };
		1138F8C129A7AE68001C29FC /* Persistence.swift in Sources */ = {isa = PBXBuildFile; fileRef = 1138F8C029A7AE68001C29FC /* Persistence.swift */; };
		1138F8C429A7AE68001C29FC /* GRer.xcdatamodeld in Sources */ = {isa = PBXBuildFile; fileRef = 1138F8C229A7AE68001C29FC /* GRer.xcdatamodeld */; };
		1138F8CE29A7AE69001C29FC /* GRerTests.swift in Sources */ = {isa = PBXBuildFile; fileRef = 1138F8CD29A7AE69001C29FC /* GRerTests.swift */; };
		1138F8D829A7AE69001C29FC /* GRerUITests.swift in Sources */ = {isa = PBXBuildFile; fileRef = 1138F8D729A7AE69001C29FC /* GRerUITests.swift */; };
		1138F8DA29A7AE69001C29FC /* GRerUITestsLaunchTests.swift in Sources */ = {isa = PBXBuildFile; fileRef = 1138F8D929A7AE69001C29FC /* GRerUITestsLaunchTests.swift */; };
		11A404A629A8FAB60005EA90 /* FilterData.json in Resources */ = {isa = PBXBuildFile; fileRef = 11A404A529A8FAB60005EA90 /* FilterData.json */; };
		11A404A829A8FCAE0005EA90 /* Filter.swift in Sources */ = {isa = PBXBuildFile; fileRef = 11A404A729A8FCAE0005EA90 /* Filter.swift */; };
		11A404AA29A8FEE70005EA90 /* ModelData.swift in Sources */ = {isa = PBXBuildFile; fileRef = 11A404A929A8FEE70005EA90 /* ModelData.swift */; };
		11A404AC29A90AA90005EA90 /* FilterList.swift in Sources */ = {isa = PBXBuildFile; fileRef = 11A404AB29A90AA90005EA90 /* FilterList.swift */; };
		11A404AE29A9EE670005EA90 /* FilterDetail.swift in Sources */ = {isa = PBXBuildFile; fileRef = 11A404AD29A9EE670005EA90 /* FilterDetail.swift */; };
		11A404B029A9FF1F0005EA90 /* FavoriteButton.swift in Sources */ = {isa = PBXBuildFile; fileRef = 11A404AF29A9FF1F0005EA90 /* FavoriteButton.swift */; };
		11DBAF8E29A8F28D006A6EF1 /* GridView.swift in Sources */ = {isa = PBXBuildFile; fileRef = 11DBAF8D29A8F28D006A6EF1 /* GridView.swift */; };
/* End PBXBuildFile section */

/* Begin PBXContainerItemProxy section */
		1138F8CA29A7AE69001C29FC /* PBXContainerItemProxy */ = {
			isa = PBXContainerItemProxy;
			containerPortal = 1138F8AC29A7AE62001C29FC /* Project object */;
			proxyType = 1;
			remoteGlobalIDString = 1138F8B329A7AE62001C29FC;
			remoteInfo = GRer;
		};
		1138F8D429A7AE69001C29FC /* PBXContainerItemProxy */ = {
			isa = PBXContainerItemProxy;
			containerPortal = 1138F8AC29A7AE62001C29FC /* Project object */;
			proxyType = 1;
			remoteGlobalIDString = 1138F8B329A7AE62001C29FC;
			remoteInfo = GRer;
		};
/* End PBXContainerItemProxy section */

/* Begin PBXFileReference section */
		1138F8B429A7AE62001C29FC /* GRer.app */ = {isa = PBXFileReference; explicitFileType = wrapper.application; includeInIndex = 0; path = GRer.app; sourceTree = BUILT_PRODUCTS_DIR; };
		1138F8B729A7AE62001C29FC /* GRerApp.swift */ = {isa = PBXFileReference; lastKnownFileType = sourcecode.swift; path = GRerApp.swift; sourceTree = "<group>"; };
		1138F8B929A7AE62001C29FC /* ContentView.swift */ = {isa = PBXFileReference; lastKnownFileType = sourcecode.swift; path = ContentView.swift; sourceTree = "<group>"; };
		1138F8BB29A7AE68001C29FC /* Assets.xcassets */ = {isa = PBXFileReference; lastKnownFileType = folder.assetcatalog; path = Assets.xcassets; sourceTree = "<group>"; };
		1138F8BE29A7AE68001C29FC /* Preview Assets.xcassets */ = {isa = PBXFileReference; lastKnownFileType = folder.assetcatalog; path = "Preview Assets.xcassets"; sourceTree = "<group>"; };
		1138F8C029A7AE68001C29FC /* Persistence.swift */ = {isa = PBXFileReference; lastKnownFileType = sourcecode.swift; path = Persistence.swift; sourceTree = "<group>"; };
		1138F8C329A7AE68001C29FC /* GRer.xcdatamodel */ = {isa = PBXFileReference; lastKnownFileType = wrapper.xcdatamodel; path = GRer.xcdatamodel; sourceTree = "<group>"; };
		1138F8C929A7AE69001C29FC /* GRerTests.xctest */ = {isa = PBXFileReference; explicitFileType = wrapper.cfbundle; includeInIndex = 0; path = GRerTests.xctest; sourceTree = BUILT_PRODUCTS_DIR; };
		1138F8CD29A7AE69001C29FC /* GRerTests.swift */ = {isa = PBXFileReference; lastKnownFileType = sourcecode.swift; path = GRerTests.swift; sourceTree = "<group>"; };
		1138F8D329A7AE69001C29FC /* GRerUITests.xctest */ = {isa = PBXFileReference; explicitFileType = wrapper.cfbundle; includeInIndex = 0; path = GRerUITests.xctest; sourceTree = BUILT_PRODUCTS_DIR; };
		1138F8D729A7AE69001C29FC /* GRerUITests.swift */ = {isa = PBXFileReference; lastKnownFileType = sourcecode.swift; path = GRerUITests.swift; sourceTree = "<group>"; };
		1138F8D929A7AE69001C29FC /* GRerUITestsLaunchTests.swift */ = {isa = PBXFileReference; lastKnownFileType = sourcecode.swift; path = GRerUITestsLaunchTests.swift; sourceTree = "<group>"; };
		11A404A529A8FAB60005EA90 /* FilterData.json */ = {isa = PBXFileReference; lastKnownFileType = text.json; path = FilterData.json; sourceTree = "<group>"; };
		11A404A729A8FCAE0005EA90 /* Filter.swift */ = {isa = PBXFileReference; lastKnownFileType = sourcecode.swift; path = Filter.swift; sourceTree = "<group>"; };
		11A404A929A8FEE70005EA90 /* ModelData.swift */ = {isa = PBXFileReference; lastKnownFileType = sourcecode.swift; path = ModelData.swift; sourceTree = "<group>"; };
		11A404AB29A90AA90005EA90 /* FilterList.swift */ = {isa = PBXFileReference; lastKnownFileType = sourcecode.swift; path = FilterList.swift; sourceTree = "<group>"; };
		11A404AD29A9EE670005EA90 /* FilterDetail.swift */ = {isa = PBXFileReference; lastKnownFileType = sourcecode.swift; path = FilterDetail.swift; sourceTree = "<group>"; };
		11A404AF29A9FF1F0005EA90 /* FavoriteButton.swift */ = {isa = PBXFileReference; lastKnownFileType = sourcecode.swift; path = FavoriteButton.swift; sourceTree = "<group>"; };
		11DBAF8D29A8F28D006A6EF1 /* GridView.swift */ = {isa = PBXFileReference; lastKnownFileType = sourcecode.swift; path = GridView.swift; sourceTree = "<group>"; };
/* End PBXFileReference section */

/* Begin PBXFrameworksBuildPhase section */
		1138F8B129A7AE62001C29FC /* Frameworks */ = {
			isa = PBXFrameworksBuildPhase;
			buildActionMask = 2147483647;
			files = (
			);
			runOnlyForDeploymentPostprocessing = 0;
		};
		1138F8C629A7AE69001C29FC /* Frameworks */ = {
			isa = PBXFrameworksBuildPhase;
			buildActionMask = 2147483647;
			files = (
			);
			runOnlyForDeploymentPostprocessing = 0;
		};
		1138F8D029A7AE69001C29FC /* Frameworks */ = {
			isa = PBXFrameworksBuildPhase;
			buildActionMask = 2147483647;
			files = (
			);
			runOnlyForDeploymentPostprocessing = 0;
		};
/* End PBXFrameworksBuildPhase section */

/* Begin PBXGroup section */
		1138F8AB29A7AE62001C29FC = {
			isa = PBXGroup;
			children = (
				1138F8B629A7AE62001C29FC /* GRer */,
				1138F8CC29A7AE69001C29FC /* GRerTests */,
				1138F8D629A7AE69001C29FC /* GRerUITests */,
				1138F8B529A7AE62001C29FC /* Products */,
			);
			sourceTree = "<group>";
		};
		1138F8B529A7AE62001C29FC /* Products */ = {
			isa = PBXGroup;
			children = (
				1138F8B429A7AE62001C29FC /* GRer.app */,
				1138F8C929A7AE69001C29FC /* GRerTests.xctest */,
				1138F8D329A7AE69001C29FC /* GRerUITests.xctest */,
			);
			name = Products;
			sourceTree = "<group>";
		};
		1138F8B629A7AE62001C29FC /* GRer */ = {
			isa = PBXGroup;
			children = (
				11A404A029A8F57B0005EA90 /* Resources */,
				11DBAF8C29A8F26F006A6EF1 /* Model */,
				11DBAF8B29A8F266006A6EF1 /* Views */,
				1138F8B729A7AE62001C29FC /* GRerApp.swift */,
				1138F8B929A7AE62001C29FC /* ContentView.swift */,
				1138F8BB29A7AE68001C29FC /* Assets.xcassets */,
				1138F8C029A7AE68001C29FC /* Persistence.swift */,
				1138F8C229A7AE68001C29FC /* GRer.xcdatamodeld */,
				1138F8BD29A7AE68001C29FC /* Preview Content */,
			);
			path = GRer;
			sourceTree = "<group>";
		};
		1138F8BD29A7AE68001C29FC /* Preview Content */ = {
			isa = PBXGroup;
			children = (
				1138F8BE29A7AE68001C29FC /* Preview Assets.xcassets */,
			);
			path = "Preview Content";
			sourceTree = "<group>";
		};
		1138F8CC29A7AE69001C29FC /* GRerTests */ = {
			isa = PBXGroup;
			children = (
				1138F8CD29A7AE69001C29FC /* GRerTests.swift */,
			);
			path = GRerTests;
			sourceTree = "<group>";
		};
		1138F8D629A7AE69001C29FC /* GRerUITests */ = {
			isa = PBXGroup;
			children = (
				1138F8D729A7AE69001C29FC /* GRerUITests.swift */,
				1138F8D929A7AE69001C29FC /* GRerUITestsLaunchTests.swift */,
			);
			path = GRerUITests;
			sourceTree = "<group>";
		};
		11A404A029A8F57B0005EA90 /* Resources */ = {
			isa = PBXGroup;
			children = (
				11A404A529A8FAB60005EA90 /* FilterData.json */,
			);
			path = Resources;
			sourceTree = "<group>";
		};
		11DBAF8B29A8F266006A6EF1 /* Views */ = {
			isa = PBXGroup;
			children = (
				11DBAF8D29A8F28D006A6EF1 /* GridView.swift */,
				11A404AB29A90AA90005EA90 /* FilterList.swift */,
				11A404AF29A9FF1F0005EA90 /* FavoriteButton.swift */,
				11A404AD29A9EE670005EA90 /* FilterDetail.swift */,
			);
			path = Views;
			sourceTree = "<group>";
		};
		11DBAF8C29A8F26F006A6EF1 /* Model */ = {
			isa = PBXGroup;
			children = (
				11A404A729A8FCAE0005EA90 /* Filter.swift */,
				11A404A929A8FEE70005EA90 /* ModelData.swift */,
			);
			path = Model;
			sourceTree = "<group>";
		};
/* End PBXGroup section */

/* Begin PBXNativeTarget section */
		1138F8B329A7AE62001C29FC /* GRer */ = {
			isa = PBXNativeTarget;
			buildConfigurationList = 1138F8DD29A7AE69001C29FC /* Build configuration list for PBXNativeTarget "GRer" */;
			buildPhases = (
				1138F8B029A7AE62001C29FC /* Sources */,
				1138F8B129A7AE62001C29FC /* Frameworks */,
				1138F8B229A7AE62001C29FC /* Resources */,
			);
			buildRules = (
			);
			dependencies = (
			);
			name = GRer;
			productName = GRer;
			productReference = 1138F8B429A7AE62001C29FC /* GRer.app */;
			productType = "com.apple.product-type.application";
		};
		1138F8C829A7AE69001C29FC /* GRerTests */ = {
			isa = PBXNativeTarget;
			buildConfigurationList = 1138F8E029A7AE69001C29FC /* Build configuration list for PBXNativeTarget "GRerTests" */;
			buildPhases = (
				1138F8C529A7AE69001C29FC /* Sources */,
				1138F8C629A7AE69001C29FC /* Frameworks */,
				1138F8C729A7AE69001C29FC /* Resources */,
			);
			buildRules = (
			);
			dependencies = (
				1138F8CB29A7AE69001C29FC /* PBXTargetDependency */,
			);
			name = GRerTests;
			productName = GRerTests;
			productReference = 1138F8C929A7AE69001C29FC /* GRerTests.xctest */;
			productType = "com.apple.product-type.bundle.unit-test";
		};
		1138F8D229A7AE69001C29FC /* GRerUITests */ = {
			isa = PBXNativeTarget;
			buildConfigurationList = 1138F8E329A7AE69001C29FC /* Build configuration list for PBXNativeTarget "GRerUITests" */;
			buildPhases = (
				1138F8CF29A7AE69001C29FC /* Sources */,
				1138F8D029A7AE69001C29FC /* Frameworks */,
				1138F8D129A7AE69001C29FC /* Resources */,
			);
			buildRules = (
			);
			dependencies = (
				1138F8D529A7AE69001C29FC /* PBXTargetDependency */,
			);
			name = GRerUITests;
			productName = GRerUITests;
			productReference = 1138F8D329A7AE69001C29FC /* GRerUITests.xctest */;
			productType = "com.apple.product-type.bundle.ui-testing";
		};
/* End PBXNativeTarget section */

/* Begin PBXProject section */
		1138F8AC29A7AE62001C29FC /* Project object */ = {
			isa = PBXProject;
			attributes = {
				BuildIndependentTargetsInParallel = 1;
				LastSwiftUpdateCheck = 1340;
				LastUpgradeCheck = 1340;
				TargetAttributes = {
					1138F8B329A7AE62001C29FC = {
						CreatedOnToolsVersion = 13.4.1;
					};
					1138F8C829A7AE69001C29FC = {
						CreatedOnToolsVersion = 13.4.1;
						TestTargetID = 1138F8B329A7AE62001C29FC;
					};
					1138F8D229A7AE69001C29FC = {
						CreatedOnToolsVersion = 13.4.1;
						TestTargetID = 1138F8B329A7AE62001C29FC;
					};
				};
			};
			buildConfigurationList = 1138F8AF29A7AE62001C29FC /* Build configuration list for PBXProject "GRer" */;
			compatibilityVersion = "Xcode 13.0";
			developmentRegion = en;
			hasScannedForEncodings = 0;
			knownRegions = (
				en,
				Base,
			);
			mainGroup = 1138F8AB29A7AE62001C29FC;
			productRefGroup = 1138F8B529A7AE62001C29FC /* Products */;
			projectDirPath = "";
			projectRoot = "";
			targets = (
				1138F8B329A7AE62001C29FC /* GRer */,
				1138F8C829A7AE69001C29FC /* GRerTests */,
				1138F8D229A7AE69001C29FC /* GRerUITests */,
			);
		};
/* End PBXProject section */

/* Begin PBXResourcesBuildPhase section */
		1138F8B229A7AE62001C29FC /* Resources */ = {
			isa = PBXResourcesBuildPhase;
			buildActionMask = 2147483647;
			files = (
				1138F8BF29A7AE68001C29FC /* Preview Assets.xcassets in Resources */,
				1138F8BC29A7AE68001C29FC /* Assets.xcassets in Resources */,
				11A404A629A8FAB60005EA90 /* FilterData.json in Resources */,
			);
			runOnlyForDeploymentPostprocessing = 0;
		};
		1138F8C729A7AE69001C29FC /* Resources */ = {
			isa = PBXResourcesBuildPhase;
			buildActionMask = 2147483647;
			files = (
			);
			runOnlyForDeploymentPostprocessing = 0;
		};
		1138F8D129A7AE69001C29FC /* Resources */ = {
			isa = PBXResourcesBuildPhase;
			buildActionMask = 2147483647;
			files = (
			);
			runOnlyForDeploymentPostprocessing = 0;
		};
/* End PBXResourcesBuildPhase section */

/* Begin PBXSourcesBuildPhase section */
		1138F8B029A7AE62001C29FC /* Sources */ = {
			isa = PBXSourcesBuildPhase;
			buildActionMask = 2147483647;
			files = (
				11A404AE29A9EE670005EA90 /* FilterDetail.swift in Sources */,
				1138F8C129A7AE68001C29FC /* Persistence.swift in Sources */,
				11A404A829A8FCAE0005EA90 /* Filter.swift in Sources */,
				11A404B029A9FF1F0005EA90 /* FavoriteButton.swift in Sources */,
				1138F8C429A7AE68001C29FC /* GRer.xcdatamodeld in Sources */,
				1138F8BA29A7AE62001C29FC /* ContentView.swift in Sources */,
				11DBAF8E29A8F28D006A6EF1 /* GridView.swift in Sources */,
				11A404AC29A90AA90005EA90 /* FilterList.swift in Sources */,
				1138F8B829A7AE62001C29FC /* GRerApp.swift in Sources */,
				11A404AA29A8FEE70005EA90 /* ModelData.swift in Sources */,
			);
			runOnlyForDeploymentPostprocessing = 0;
		};
		1138F8C529A7AE69001C29FC /* Sources */ = {
			isa = PBXSourcesBuildPhase;
			buildActionMask = 2147483647;
			files = (
				1138F8CE29A7AE69001C29FC /* GRerTests.swift in Sources */,
			);
			runOnlyForDeploymentPostprocessing = 0;
		};
		1138F8CF29A7AE69001C29FC /* Sources */ = {
			isa = PBXSourcesBuildPhase;
			buildActionMask = 2147483647;
			files = (
				1138F8DA29A7AE69001C29FC /* GRerUITestsLaunchTests.swift in Sources */,
				1138F8D829A7AE69001C29FC /* GRerUITests.swift in Sources */,
			);
			runOnlyForDeploymentPostprocessing = 0;
		};
/* End PBXSourcesBuildPhase section */

/* Begin PBXTargetDependency section */
		1138F8CB29A7AE69001C29FC /* PBXTargetDependency */ = {
			isa = PBXTargetDependency;
			target = 1138F8B329A7AE62001C29FC /* GRer */;
			targetProxy = 1138F8CA29A7AE69001C29FC /* PBXContainerItemProxy */;
		};
		1138F8D529A7AE69001C29FC /* PBXTargetDependency */ = {
			isa = PBXTargetDependency;
			target = 1138F8B329A7AE62001C29FC /* GRer */;
			targetProxy = 1138F8D429A7AE69001C29FC /* PBXContainerItemProxy */;
		};
/* End PBXTargetDependency section */

/* Begin XCBuildConfiguration section */
		1138F8DB29A7AE69001C29FC /* Debug */ = {
			isa = XCBuildConfiguration;
			buildSettings = {
				ALWAYS_SEARCH_USER_PATHS = NO;
				CLANG_ANALYZER_NONNULL = YES;
				CLANG_ANALYZER_NUMBER_OBJECT_CONVERSION = YES_AGGRESSIVE;
				CLANG_CXX_LANGUAGE_STANDARD = "gnu++17";
				CLANG_ENABLE_MODULES = YES;
				CLANG_ENABLE_OBJC_ARC = YES;
				CLANG_ENABLE_OBJC_WEAK = YES;
				CLANG_WARN_BLOCK_CAPTURE_AUTORELEASING = YES;
				CLANG_WARN_BOOL_CONVERSION = YES;
				CLANG_WARN_COMMA = YES;
				CLANG_WARN_CONSTANT_CONVERSION = YES;
				CLANG_WARN_DEPRECATED_OBJC_IMPLEMENTATIONS = YES;
				CLANG_WARN_DIRECT_OBJC_ISA_USAGE = YES_ERROR;
				CLANG_WARN_DOCUMENTATION_COMMENTS = YES;
				CLANG_WARN_EMPTY_BODY = YES;
				CLANG_WARN_ENUM_CONVERSION = YES;
				CLANG_WARN_INFINITE_RECURSION = YES;
				CLANG_WARN_INT_CONVERSION = YES;
				CLANG_WARN_NON_LITERAL_NULL_CONVERSION = YES;
				CLANG_WARN_OBJC_IMPLICIT_RETAIN_SELF = YES;
				CLANG_WARN_OBJC_LITERAL_CONVERSION = YES;
				CLANG_WARN_OBJC_ROOT_CLASS = YES_ERROR;
				CLANG_WARN_QUOTED_INCLUDE_IN_FRAMEWORK_HEADER = YES;
				CLANG_WARN_RANGE_LOOP_ANALYSIS = YES;
				CLANG_WARN_STRICT_PROTOTYPES = YES;
				CLANG_WARN_SUSPICIOUS_MOVE = YES;
				CLANG_WARN_UNGUARDED_AVAILABILITY = YES_AGGRESSIVE;
				CLANG_WARN_UNREACHABLE_CODE = YES;
				CLANG_WARN__DUPLICATE_METHOD_MATCH = YES;
				COPY_PHASE_STRIP = NO;
				DEBUG_INFORMATION_FORMAT = dwarf;
				ENABLE_STRICT_OBJC_MSGSEND = YES;
				ENABLE_TESTABILITY = YES;
				GCC_C_LANGUAGE_STANDARD = gnu11;
				GCC_DYNAMIC_NO_PIC = NO;
				GCC_NO_COMMON_BLOCKS = YES;
				GCC_OPTIMIZATION_LEVEL = 0;
				GCC_PREPROCESSOR_DEFINITIONS = (
					"DEBUG=1",
					"$(inherited)",
				);
				GCC_WARN_64_TO_32_BIT_CONVERSION = YES;
				GCC_WARN_ABOUT_RETURN_TYPE = YES_ERROR;
				GCC_WARN_UNDECLARED_SELECTOR = YES;
				GCC_WARN_UNINITIALIZED_AUTOS = YES_AGGRESSIVE;
				GCC_WARN_UNUSED_FUNCTION = YES;
				GCC_WARN_UNUSED_VARIABLE = YES;
				IPHONEOS_DEPLOYMENT_TARGET = 15.5;
				MTL_ENABLE_DEBUG_INFO = INCLUDE_SOURCE;
				MTL_FAST_MATH = YES;
				ONLY_ACTIVE_ARCH = YES;
				SDKROOT = iphoneos;
				SWIFT_ACTIVE_COMPILATION_CONDITIONS = DEBUG;
				SWIFT_OPTIMIZATION_LEVEL = "-Onone";
			};
			name = Debug;
		};
		1138F8DC29A7AE69001C29FC /* Release */ = {
			isa = XCBuildConfiguration;
			buildSettings = {
				ALWAYS_SEARCH_USER_PATHS = NO;
				CLANG_ANALYZER_NONNULL = YES;
				CLANG_ANALYZER_NUMBER_OBJECT_CONVERSION = YES_AGGRESSIVE;
				CLANG_CXX_LANGUAGE_STANDARD = "gnu++17";
				CLANG_ENABLE_MODULES = YES;
				CLANG_ENABLE_OBJC_ARC = YES;
				CLANG_ENABLE_OBJC_WEAK = YES;
				CLANG_WARN_BLOCK_CAPTURE_AUTORELEASING = YES;
				CLANG_WARN_BOOL_CONVERSION = YES;
				CLANG_WARN_COMMA = YES;
				CLANG_WARN_CONSTANT_CONVERSION = YES;
				CLANG_WARN_DEPRECATED_OBJC_IMPLEMENTATIONS = YES;
				CLANG_WARN_DIRECT_OBJC_ISA_USAGE = YES_ERROR;
				CLANG_WARN_DOCUMENTATION_COMMENTS = YES;
				CLANG_WARN_EMPTY_BODY = YES;
				CLANG_WARN_ENUM_CONVERSION = YES;
				CLANG_WARN_INFINITE_RECURSION = YES;
				CLANG_WARN_INT_CONVERSION = YES;
				CLANG_WARN_NON_LITERAL_NULL_CONVERSION = YES;
				CLANG_WARN_OBJC_IMPLICIT_RETAIN_SELF = YES;
				CLANG_WARN_OBJC_LITERAL_CONVERSION = YES;
				CLANG_WARN_OBJC_ROOT_CLASS = YES_ERROR;
				CLANG_WARN_QUOTED_INCLUDE_IN_FRAMEWORK_HEADER = YES;
				CLANG_WARN_RANGE_LOOP_ANALYSIS = YES;
				CLANG_WARN_STRICT_PROTOTYPES = YES;
				CLANG_WARN_SUSPICIOUS_MOVE = YES;
				CLANG_WARN_UNGUARDED_AVAILABILITY = YES_AGGRESSIVE;
				CLANG_WARN_UNREACHABLE_CODE = YES;
				CLANG_WARN__DUPLICATE_METHOD_MATCH = YES;
				COPY_PHASE_STRIP = NO;
				DEBUG_INFORMATION_FORMAT = "dwarf-with-dsym";
				ENABLE_NS_ASSERTIONS = NO;
				ENABLE_STRICT_OBJC_MSGSEND = YES;
				GCC_C_LANGUAGE_STANDARD = gnu11;
				GCC_NO_COMMON_BLOCKS = YES;
				GCC_WARN_64_TO_32_BIT_CONVERSION = YES;
				GCC_WARN_ABOUT_RETURN_TYPE = YES_ERROR;
				GCC_WARN_UNDECLARED_SELECTOR = YES;
				GCC_WARN_UNINITIALIZED_AUTOS = YES_AGGRESSIVE;
				GCC_WARN_UNUSED_FUNCTION = YES;
				GCC_WARN_UNUSED_VARIABLE = YES;
				IPHONEOS_DEPLOYMENT_TARGET = 15.5;
				MTL_ENABLE_DEBUG_INFO = NO;
				MTL_FAST_MATH = YES;
				SDKROOT = iphoneos;
				SWIFT_COMPILATION_MODE = wholemodule;
				SWIFT_OPTIMIZATION_LEVEL = "-O";
				VALIDATE_PRODUCT = YES;
			};
			name = Release;
		};
		1138F8DE29A7AE69001C29FC /* Debug */ = {
			isa = XCBuildConfiguration;
			buildSettings = {
				ASSETCATALOG_COMPILER_APPICON_NAME = AppIcon;
				ASSETCATALOG_COMPILER_GLOBAL_ACCENT_COLOR_NAME = AccentColor;
				CODE_SIGN_STYLE = Automatic;
				CURRENT_PROJECT_VERSION = 1;
				DEVELOPMENT_ASSET_PATHS = "\"GRer/Preview Content\"";
				ENABLE_PREVIEWS = YES;
				GENERATE_INFOPLIST_FILE = YES;
				INFOPLIST_KEY_UIApplicationSceneManifest_Generation = YES;
				INFOPLIST_KEY_UIApplicationSupportsIndirectInputEvents = YES;
				INFOPLIST_KEY_UILaunchScreen_Generation = YES;
				INFOPLIST_KEY_UISupportedInterfaceOrientations_iPad = "UIInterfaceOrientationPortrait UIInterfaceOrientationPortraitUpsideDown UIInterfaceOrientationLandscapeLeft UIInterfaceOrientationLandscapeRight";
				INFOPLIST_KEY_UISupportedInterfaceOrientations_iPhone = "UIInterfaceOrientationPortrait UIInterfaceOrientationLandscapeLeft UIInterfaceOrientationLandscapeRight";
				LD_RUNPATH_SEARCH_PATHS = (
					"$(inherited)",
					"@executable_path/Frameworks",
				);
				MARKETING_VERSION = 1.0;
				PRODUCT_BUNDLE_IDENTIFIER = org.hamm.GRer;
				PRODUCT_NAME = "$(TARGET_NAME)";
				SWIFT_EMIT_LOC_STRINGS = YES;
				SWIFT_VERSION = 5.0;
				TARGETED_DEVICE_FAMILY = "1,2";
			};
			name = Debug;
		};
		1138F8DF29A7AE69001C29FC /* Release */ = {
			isa = XCBuildConfiguration;
			buildSettings = {
				ASSETCATALOG_COMPILER_APPICON_NAME = AppIcon;
				ASSETCATALOG_COMPILER_GLOBAL_ACCENT_COLOR_NAME = AccentColor;
				CODE_SIGN_STYLE = Automatic;
				CURRENT_PROJECT_VERSION = 1;
				DEVELOPMENT_ASSET_PATHS = "\"GRer/Preview Content\"";
				ENABLE_PREVIEWS = YES;
				GENERATE_INFOPLIST_FILE = YES;
				INFOPLIST_KEY_UIApplicationSceneManifest_Generation = YES;
				INFOPLIST_KEY_UIApplicationSupportsIndirectInputEvents = YES;
				INFOPLIST_KEY_UILaunchScreen_Generation = YES;
				INFOPLIST_KEY_UISupportedInterfaceOrientations_iPad = "UIInterfaceOrientationPortrait UIInterfaceOrientationPortraitUpsideDown UIInterfaceOrientationLandscapeLeft UIInterfaceOrientationLandscapeRight";
				INFOPLIST_KEY_UISupportedInterfaceOrientations_iPhone = "UIInterfaceOrientationPortrait UIInterfaceOrientationLandscapeLeft UIInterfaceOrientationLandscapeRight";
				LD_RUNPATH_SEARCH_PATHS = (
					"$(inherited)",
					"@executable_path/Frameworks",
				);
				MARKETING_VERSION = 1.0;
				PRODUCT_BUNDLE_IDENTIFIER = org.hamm.GRer;
				PRODUCT_NAME = "$(TARGET_NAME)";
				SWIFT_EMIT_LOC_STRINGS = YES;
				SWIFT_VERSION = 5.0;
				TARGETED_DEVICE_FAMILY = "1,2";
			};
			name = Release;
		};
		1138F8E129A7AE69001C29FC /* Debug */ = {
			isa = XCBuildConfiguration;
			buildSettings = {
				ALWAYS_EMBED_SWIFT_STANDARD_LIBRARIES = YES;
				BUNDLE_LOADER = "$(TEST_HOST)";
				CODE_SIGN_STYLE = Automatic;
				CURRENT_PROJECT_VERSION = 1;
				GENERATE_INFOPLIST_FILE = YES;
				IPHONEOS_DEPLOYMENT_TARGET = 15.5;
				MARKETING_VERSION = 1.0;
				PRODUCT_BUNDLE_IDENTIFIER = org.hamm.GRerTests;
				PRODUCT_NAME = "$(TARGET_NAME)";
				SWIFT_EMIT_LOC_STRINGS = NO;
				SWIFT_VERSION = 5.0;
				TARGETED_DEVICE_FAMILY = "1,2";
				TEST_HOST = "$(BUILT_PRODUCTS_DIR)/GRer.app/GRer";
			};
			name = Debug;
		};
		1138F8E229A7AE69001C29FC /* Release */ = {
			isa = XCBuildConfiguration;
			buildSettings = {
				ALWAYS_EMBED_SWIFT_STANDARD_LIBRARIES = YES;
				BUNDLE_LOADER = "$(TEST_HOST)";
				CODE_SIGN_STYLE = Automatic;
				CURRENT_PROJECT_VERSION = 1;
				GENERATE_INFOPLIST_FILE = YES;
				IPHONEOS_DEPLOYMENT_TARGET = 15.5;
				MARKETING_VERSION = 1.0;
				PRODUCT_BUNDLE_IDENTIFIER = org.hamm.GRerTests;
				PRODUCT_NAME = "$(TARGET_NAME)";
				SWIFT_EMIT_LOC_STRINGS = NO;
				SWIFT_VERSION = 5.0;
				TARGETED_DEVICE_FAMILY = "1,2";
				TEST_HOST = "$(BUILT_PRODUCTS_DIR)/GRer.app/GRer";
			};
			name = Release;
		};
		1138F8E429A7AE69001C29FC /* Debug */ = {
			isa = XCBuildConfiguration;
			buildSettings = {
				ALWAYS_EMBED_SWIFT_STANDARD_LIBRARIES = YES;
				CODE_SIGN_STYLE = Automatic;
				CURRENT_PROJECT_VERSION = 1;
				GENERATE_INFOPLIST_FILE = YES;
				MARKETING_VERSION = 1.0;
				PRODUCT_BUNDLE_IDENTIFIER = org.hamm.GRerUITests;
				PRODUCT_NAME = "$(TARGET_NAME)";
				SWIFT_EMIT_LOC_STRINGS = NO;
				SWIFT_VERSION = 5.0;
				TARGETED_DEVICE_FAMILY = "1,2";
				TEST_TARGET_NAME = GRer;
			};
			name = Debug;
		};
		1138F8E529A7AE69001C29FC /* Release */ = {
			isa = XCBuildConfiguration;
			buildSettings = {
				ALWAYS_EMBED_SWIFT_STANDARD_LIBRARIES = YES;
				CODE_SIGN_STYLE = Automatic;
				CURRENT_PROJECT_VERSION = 1;
				GENERATE_INFOPLIST_FILE = YES;
				MARKETING_VERSION = 1.0;
				PRODUCT_BUNDLE_IDENTIFIER = org.hamm.GRerUITests;
				PRODUCT_NAME = "$(TARGET_NAME)";
				SWIFT_EMIT_LOC_STRINGS = NO;
				SWIFT_VERSION = 5.0;
				TARGETED_DEVICE_FAMILY = "1,2";
				TEST_TARGET_NAME = GRer;
			};
			name = Release;
		};
/* End XCBuildConfiguration section */

/* Begin XCConfigurationList section */
		1138F8AF29A7AE62001C29FC /* Build configuration list for PBXProject "GRer" */ = {
			isa = XCConfigurationList;
			buildConfigurations = (
				1138F8DB29A7AE69001C29FC /* Debug */,
				1138F8DC29A7AE69001C29FC /* Release */,
			);
			defaultConfigurationIsVisible = 0;
			defaultConfigurationName = Release;
		};
		1138F8DD29A7AE69001C29FC /* Build configuration list for PBXNativeTarget "GRer" */ = {
			isa = XCConfigurationList;
			buildConfigurations = (
				1138F8DE29A7AE69001C29FC /* Debug */,
				1138F8DF29A7AE69001C29FC /* Release */,
			);
			defaultConfigurationIsVisible = 0;
			defaultConfigurationName = Release;
		};
		1138F8E029A7AE69001C29FC /* Build configuration list for PBXNativeTarget "GRerTests" */ = {
			isa = XCConfigurationList;
			buildConfigurations = (
				1138F8E129A7AE69001C29FC /* Debug */,
				1138F8E229A7AE69001C29FC /* Release */,
			);
			defaultConfigurationIsVisible = 0;
			defaultConfigurationName = Release;
		};
		1138F8E329A7AE69001C29FC /* Build configuration list for PBXNativeTarget "GRerUITests" */ = {
			isa = XCConfigurationList;
			buildConfigurations = (
				1138F8E429A7AE69001C29FC /* Debug */,
				1138F8E529A7AE69001C29FC /* Release */,
			);
			defaultConfigurationIsVisible = 0;
			defaultConfigurationName = Release;
		};
/* End XCConfigurationList section */

/* Begin XCVersionGroup section */
		1138F8C229A7AE68001C29FC /* GRer.xcdatamodeld */ = {
			isa = XCVersionGroup;
			children = (
				1138F8C329A7AE68001C29FC /* GRer.xcdatamodel */,
			);
			currentVersion = 1138F8C329A7AE68001C29FC /* GRer.xcdatamodel */;
			path = GRer.xcdatamodeld;
			sourceTree = "<group>";
			versionGroupType = wrapper.xcdatamodel;
		};
/* End XCVersionGroup section */
	};
	rootObject = 1138F8AC29A7AE62001C29FC /* Project object */;
}
